
Microsoft Visual Studio Solution File, Format Version 12.00
# Visual Studio Version 17
VisualStudioVersion = 17.8.34309.116
MinimumVisualStudioVersion = 10.0.40219.1
Project("{C9674DCB-5085-4A16-B785-4C70DD1589BD}") = "Integration Services Project2", "Integration Services Project2\Integration Services Project2.dtproj", "{8DDA7FF8-9FA1-4895-A889-A271A4F5E2A1}"
EndProject
Global
	GlobalSection(SolutionConfigurationPlatforms) = preSolution
		Azure|Default = Azure|Default
		Development|Default = Development|Default
	EndGlobalSection
	GlobalSection(ProjectConfigurationPlatforms) = postSolution
		{8DDA7FF8-9FA1-4895-A889-A271A4F5E2A1}.Azure|Default.ActiveCfg = Azure
		{8DDA7FF8-9FA1-4895-A889-A271A4F5E2A1}.Azure|Default.Build.0 = Azure
		{8DDA7FF8-9FA1-4895-A889-A271A4F5E2A1}.Development|Default.ActiveCfg = Development
		{8DDA7FF8-9FA1-4895-A889-A271A4F5E2A1}.Development|Default.Build.0 = Development
	EndGlobalSection
	GlobalSection(SolutionProperties) = preSolution
		HideSolutionNode = FALSE
	EndGlobalSection
	GlobalSection(ExtensibilityGlobals) = postSolution
		SolutionGuid = {1D71570C-6050-4559-A89F-2DA7543F25F5}
	EndGlobalSection
EndGlobal
